<?xml version="1.0" encoding="utf-8"?>
<Project ToolsVersion="4.0" xmlns="http://schemas.microsoft.com/developer/msbuild/2003">
  <ItemGroup>
    <Filter Include="Source Files">
      <UniqueIdentifier>{4FC737F1-C7A5-4376-A066-2A32D752A2FF}</UniqueIdentifier>
      <Extensions>cpp;c;cc;cxx;def;odl;idl;hpj;bat;asm;asmx</Extensions>
    </Filter>
    <Filter Include="Header Files">
      <UniqueIdentifier>{93995380-89BD-4b04-88EB-625FBE52EBFB}</UniqueIdentifier>
      <Extensions>h;hpp;hxx;hm;inl;inc;xsd</Extensions>
    </Filter>
    <Filter Include="Resource Files">
      <UniqueIdentifier>{67DA6AB6-F800-4c08-8B7A-83BB121AAD01}</UniqueIdentifier>
      <Extensions>rc;ico;cur;bmp;dlg;rc2;rct;bin;rgs;gif;jpg;jpeg;jpe;resx;tiff;tif;png;wav;mfcribbon-ms</Extensions>
    </Filter>
  </ItemGroup>
  <ItemGroup>
    <ClInclude Include="ascii.h">
      <Filter>Header Files</Filter>
    </ClInclude>
    <ClInclude Include="banlist.h">
      <Filter>Header Files</Filter>
    </ClInclude>
    <ClInclude Include="chanlist.h">
      <Filter>Header Files</Filter>
    </ClInclude>
    <ClInclude Include="chanview.h">
      <Filter>Header Files</Filter>
    </ClInclude>
    <ClInclude Include="custom-list.h">
      <Filter>Header Files</Filter>
    </ClInclude>
    <ClInclude Include="editlist.h">
      <Filter>Header Files</Filter>
    </ClInclude>
    <ClInclude Include="fe-gtk.h">
      <Filter>Header Files</Filter>
    </ClInclude>
    <ClInclude Include="fkeys.h">
      <Filter>Header Files</Filter>
    </ClInclude>
    <ClInclude Include="gtkutil.h">
      <Filter>Header Files</Filter>
    </ClInclude>
    <ClInclude Include="joind.h">
      <Filter>Header Files</Filter>
    </ClInclude>
    <ClInclude Include="maingui.h">
      <Filter>Header Files</Filter>
    </ClInclude>
    <ClInclude Include="menu.h">
      <Filter>Header Files</Filter>
    </ClInclude>
    <ClInclude Include="notifygui.h">
      <Filter>Header Files</Filter>
    </ClInclude>
    <ClInclude Include="palette.h">
      <Filter>Header Files</Filter>
    </ClInclude>
    <ClInclude Include="pixmaps.h">
      <Filter>Header Files</Filter>
    </ClInclude>
    <ClInclude Include="plugingui.h">
      <Filter>Header Files</Filter>
    </ClInclude>
    <ClInclude Include="plugin-tray.h">
      <Filter>Header Files</Filter>
    </ClInclude>
    <ClInclude Include="rawlog.h">
      <Filter>Header Files</Filter>
    </ClInclude>
    <ClInclude Include="sexy-iso-codes.h">
      <Filter>Header Files</Filter>
    </ClInclude>
    <ClInclude Include="sexy-spell-entry.h">
      <Filter>Header Files</Filter>
    </ClInclude>
    <ClInclude Include="textgui.h">
      <Filter>Header Files</Filter>
    </ClInclude>
    <ClInclude Include="urlgrab.h">
      <Filter>Header Files</Filter>
    </ClInclude>
    <ClInclude Include="userlistgui.h">
      <Filter>Header Files</Filter>
    </ClInclude>
    <ClInclude Include="xtext.h">
      <Filter>Header Files</Filter>
    </ClInclude>
    <ClInclude Include="servlistgui.h">
      <Filter>Header Files</Filter>
    </ClInclude>
    <ClInclude Include="setup.h">
      <Filter>Header Files</Filter>
    </ClInclude>
  </ItemGroup>
  <ItemGroup>
    <ClCompile Include="ascii.c">
      <Filter>Source Files</Filter>
    </ClCompile>
    <ClCompile Include="banlist.c">
      <Filter>Source Files</Filter>
    </ClCompile>
    <ClCompile Include="chanlist.c">
      <Filter>Source Files</Filter>
    </ClCompile>
    <ClCompile Include="chanview.c">
      <Filter>Source Files</Filter>
    </ClCompile>
    <ClCompile Include="custom-list.c">
      <Filter>Source Files</Filter>
    </ClCompile>
    <ClCompile Include="dccgui.c">
      <Filter>Source Files</Filter>
    </ClCompile>
    <ClCompile Include="editlist.c">
      <Filter>Source Files</Filter>
    </ClCompile>
    <ClCompile Include="fe-gtk.c">
      <Filter>Source Files</Filter>
    </ClCompile>
    <ClCompile Include="fkeys.c">
      <Filter>Source Files</Filter>
    </ClCompile>
    <ClCompile Include="gtkutil.c">
      <Filter>Source Files</Filter>
    </ClCompile>
    <ClCompile Include="ignoregui.c">
      <Filter>Source Files</Filter>
    </ClCompile>
    <ClCompile Include="joind.c">
      <Filter>Source Files</Filter>
    </ClCompile>
    <ClCompile Include="maingui.c">
      <Filter>Source Files</Filter>
    </ClCompile>
    <ClCompile Include="menu.c">
      <Filter>Source Files</Filter>
    </ClCompile>
    <ClCompile Include="notifygui.c">
      <Filter>Source Files</Filter>
    </ClCompile>
    <ClCompile Include="palette.c">
      <Filter>Source Files</Filter>
    </ClCompile>
    <ClCompile Include="pixmaps.c">
      <Filter>Source Files</Filter>
    </ClCompile>
    <ClCompile Include="plugingui.c">
      <Filter>Source Files</Filter>
    </ClCompile>
    <ClCompile Include="plugin-tray.c">
      <Filter>Source Files</Filter>
    </ClCompile>
    <ClCompile Include="rawlog.c">
      <Filter>Source Files</Filter>
    </ClCompile>
    <ClCompile Include="servlistgui.c">
      <Filter>Source Files</Filter>
    </ClCompile>
    <ClCompile Include="setup.c">
      <Filter>Source Files</Filter>
    </ClCompile>
    <ClCompile Include="sexy-iso-codes.c">
      <Filter>Source Files</Filter>
    </ClCompile>
    <ClCompile Include="sexy-spell-entry.c">
      <Filter>Source Files</Filter>
    </ClCompile>
    <ClCompile Include="textgui.c">
      <Filter>Source Files</Filter>
    </ClCompile>
    <ClCompile Include="urlgrab.c">
      <Filter>Source Files</Filter>
    </ClCompile>
    <ClCompile Include="userlistgui.c">
      <Filter>Source Files</Filter>
    </ClCompile>
    <ClCompile Include="xtext.c">
      <Filter>Source Files</Filter>
    </ClCompile>
    <ClCompile Include="resources.c">
      <Filter>Source Files</Filter>
    </ClCompile>
    <ClCompile Include="sslalert.c">
      <Filter>Source Files</Filter>
    </ClCompile>
  </ItemGroup>
  <ItemGroup>
    <Manifest Include="hexchat.exe.manifest">
      <Filter>Resource Files</Filter>
    </Manifest>
  </ItemGroup>
  <ItemGroup>
    <ResourceCompile Include="hexchat.rc">
      <Filter>Resource Files</Filter>
    </ResourceCompile>
  </ItemGroup>
  <ItemGroup>
    <None Include="..\..\data\icons\hexchat.ico">
      <Filter>Resource Files</Filter>
    </None>
    <None Include="hexchat.rc.tt" />
  </ItemGroup>
  <ItemGroup>
    <Xml Include="..\..\data\hexchat.gresource.xml" />
  </ItemGroup>
</Project>
