<?xml version="1.0" encoding="utf-8"?>
<Project ToolsVersion="4.0" xmlns="http://schemas.microsoft.com/developer/msbuild/2003">
  <ItemGroup>
    <Filter Include="Source Files">
      <UniqueIdentifier>{4FC737F1-C7A5-4376-A066-2A32D752A2FF}</UniqueIdentifier>
      <Extensions>cpp;c;cc;cxx;def;odl;idl;hpj;bat;asm;asmx</Extensions>
    </Filter>
    <Filter Include="Header Files">
      <UniqueIdentifier>{93995380-89BD-4b04-88EB-625FBE52EBFB}</UniqueIdentifier>
      <Extensions>h;hpp;hxx;hm;inl;inc;xsd</Extensions>
    </Filter>
    <Filter Include="Resource Files">
      <UniqueIdentifier>{67DA6AB6-F800-4c08-8B7A-83BB121AAD01}</UniqueIdentifier>
      <Extensions>rc;ico;cur;bmp;dlg;rc2;rct;bin;rgs;gif;jpg;jpeg;jpe;resx;tiff;tif;png;wav;mfcribbon-ms</Extensions>
    </Filter>
    <Filter Include="Resource Files\res">
      <UniqueIdentifier>{c54ddc93-06ab-4a74-854a-9ec976b7bfd0}</UniqueIdentifier>
    </Filter>
  </ItemGroup>
  <ItemGroup>
    <ClCompile Include="StdAfx.cpp">
      <Filter>Source Files</Filter>
    </ClCompile>
    <ClCompile Include="wmpa.cpp">
      <Filter>Source Files</Filter>
    </ClCompile>
    <ClCompile Include="wmpadialog.cpp">
      <Filter>Source Files</Filter>
    </ClCompile>
    <ClCompile Include="wmpcdrom.cpp">
      <Filter>Source Files</Filter>
    </ClCompile>
    <ClCompile Include="wmpcdromcollection.cpp">
      <Filter>Source Files</Filter>
    </ClCompile>
    <ClCompile Include="wmpclosedcaption.cpp">
      <Filter>Source Files</Filter>
    </ClCompile>
    <ClCompile Include="wmpcontrols.cpp">
      <Filter>Source Files</Filter>
    </ClCompile>
    <ClCompile Include="wmpdvd.cpp">
      <Filter>Source Files</Filter>
    </ClCompile>
    <ClCompile Include="wmperror.cpp">
      <Filter>Source Files</Filter>
    </ClCompile>
    <ClCompile Include="wmperroritem.cpp">
      <Filter>Source Files</Filter>
    </ClCompile>
    <ClCompile Include="wmpmedia.cpp">
      <Filter>Source Files</Filter>
    </ClCompile>
    <ClCompile Include="wmpmediacollection.cpp">
      <Filter>Source Files</Filter>
    </ClCompile>
    <ClCompile Include="wmpnetwork.cpp">
      <Filter>Source Files</Filter>
    </ClCompile>
    <ClCompile Include="wmpplayer4.cpp">
      <Filter>Source Files</Filter>
    </ClCompile>
    <ClCompile Include="wmpplayerapplication.cpp">
      <Filter>Source Files</Filter>
    </ClCompile>
    <ClCompile Include="wmpplaylist.cpp">
      <Filter>Source Files</Filter>
    </ClCompile>
    <ClCompile Include="wmpplaylistarray.cpp">
      <Filter>Source Files</Filter>
    </ClCompile>
    <ClCompile Include="wmpplaylistcollection.cpp">
      <Filter>Source Files</Filter>
    </ClCompile>
    <ClCompile Include="wmpsettings.cpp">
      <Filter>Source Files</Filter>
    </ClCompile>
    <ClCompile Include="wmpstringcollection.cpp">
      <Filter>Source Files</Filter>
    </ClCompile>
    <ClCompile Include="xchat-plugin.cpp">
      <Filter>Source Files</Filter>
    </ClCompile>
  </ItemGroup>
  <ItemGroup>
    <ClInclude Include="resource.h">
      <Filter>Header Files</Filter>
    </ClInclude>
    <ClInclude Include="StdAfx.h">
      <Filter>Header Files</Filter>
    </ClInclude>
    <ClInclude Include="wmpa.h">
      <Filter>Header Files</Filter>
    </ClInclude>
    <ClInclude Include="wmpadialog.h">
      <Filter>Header Files</Filter>
    </ClInclude>
    <ClInclude Include="wmpcdrom.h">
      <Filter>Header Files</Filter>
    </ClInclude>
    <ClInclude Include="wmpcdromcollection.h">
      <Filter>Header Files</Filter>
    </ClInclude>
    <ClInclude Include="wmpclosedcaption.h">
      <Filter>Header Files</Filter>
    </ClInclude>
    <ClInclude Include="wmpcontrols.h">
      <Filter>Header Files</Filter>
    </ClInclude>
    <ClInclude Include="wmpdvd.h">
      <Filter>Header Files</Filter>
    </ClInclude>
    <ClInclude Include="wmperror.h">
      <Filter>Header Files</Filter>
    </ClInclude>
    <ClInclude Include="wmperroritem.h">
      <Filter>Header Files</Filter>
    </ClInclude>
    <ClInclude Include="wmpmedia.h">
      <Filter>Header Files</Filter>
    </ClInclude>
    <ClInclude Include="wmpmediacollection.h">
      <Filter>Header Files</Filter>
    </ClInclude>
    <ClInclude Include="wmpnetwork.h">
      <Filter>Header Files</Filter>
    </ClInclude>
    <ClInclude Include="wmpplayer4.h">
      <Filter>Header Files</Filter>
    </ClInclude>
    <ClInclude Include="wmpplayerapplication.h">
      <Filter>Header Files</Filter>
    </ClInclude>
    <ClInclude Include="wmpplaylist.h">
      <Filter>Header Files</Filter>
    </ClInclude>
    <ClInclude Include="wmpplaylistarray.h">
      <Filter>Header Files</Filter>
    </ClInclude>
    <ClInclude Include="wmpplaylistcollection.h">
      <Filter>Header Files</Filter>
    </ClInclude>
    <ClInclude Include="wmpsettings.h">
      <Filter>Header Files</Filter>
    </ClInclude>
    <ClInclude Include="wmpstringcollection.h">
      <Filter>Header Files</Filter>
    </ClInclude>
    <ClInclude Include="xchat-plugin.h">
      <Filter>Header Files</Filter>
    </ClInclude>
  </ItemGroup>
  <ItemGroup>
    <None Include="wmpa.aps">
      <Filter>Resource Files</Filter>
    </None>
    <None Include="wmpa.def">
      <Filter>Resource Files</Filter>
    </None>
    <None Include="wmpa.ico">
      <Filter>Resource Files</Filter>
    </None>
    <None Include="ReadMe.txt">
      <Filter>Resource Files</Filter>
    </None>
    <None Include="res\wmpa.rc2">
      <Filter>Resource Files\res</Filter>
    </None>
  </ItemGroup>
  <ItemGroup>
    <Midl Include="wmpa.odl">
      <Filter>Resource Files</Filter>
    </Midl>
  </ItemGroup>
  <ItemGroup>
    <ResourceCompile Include="wmpa.rc">
      <Filter>Resource Files</Filter>
    </ResourceCompile>
  </ItemGroup>
</Project>