<?xml version="1.0" encoding="utf-8"?>
<Project ToolsVersion="4.0" xmlns="http://schemas.microsoft.com/developer/msbuild/2003">
  <ItemGroup>
    <Filter Include="Source Files">
      <UniqueIdentifier>{3206fd00-efdb-4bca-9740-9708bd405701}</UniqueIdentifier>
      <Extensions>cpp;c;cxx;rc;def;r;odl;idl;hpj;bat</Extensions>
    </Filter>
    <Filter Include="Header Files">
      <UniqueIdentifier>{17e13eb2-1243-4ff2-9532-1d6dab0bfef9}</UniqueIdentifier>
      <Extensions>h;hpp;hxx;hm;inl</Extensions>
    </Filter>
    <Filter Include="Resource Files">
      <UniqueIdentifier>{a1d9cf8c-f0bb-4a19-bfff-5223276e650a}</UniqueIdentifier>
      <Extensions>ico;cur;bmp;dlg;rc2;rct;bin;rgs;gif;jpg;jpeg;jpe</Extensions>
    </Filter>
  </ItemGroup>
  <ItemGroup>
    <ClCompile Include="StdAfx.cpp">
      <Filter>Source Files</Filter>
    </ClCompile>
    <ClCompile Include="wmpa.cpp">
      <Filter>Source Files</Filter>
    </ClCompile>
    <ClCompile Include="WMPADialog.cpp">
      <Filter>Source Files</Filter>
    </ClCompile>
    <ClCompile Include="wmpcdrom.cpp">
      <Filter>Source Files</Filter>
    </ClCompile>
    <ClCompile Include="wmpcdromcollection.cpp">
      <Filter>Source Files</Filter>
    </ClCompile>
    <ClCompile Include="wmpclosedcaption.cpp">
      <Filter>Source Files</Filter>
    </ClCompile>
    <ClCompile Include="wmpcontrols.cpp">
      <Filter>Source Files</Filter>
    </ClCompile>
    <ClCompile Include="wmpdvd.cpp">
      <Filter>Source Files</Filter>
    </ClCompile>
    <ClCompile Include="wmperror.cpp">
      <Filter>Source Files</Filter>
    </ClCompile>
    <ClCompile Include="wmperroritem.cpp">
      <Filter>Source Files</Filter>
    </ClCompile>
    <ClCompile Include="wmpmedia.cpp">
      <Filter>Source Files</Filter>
    </ClCompile>
    <ClCompile Include="wmpmediacollection.cpp">
      <Filter>Source Files</Filter>
    </ClCompile>
    <ClCompile Include="wmpnetwork.cpp">
      <Filter>Source Files</Filter>
    </ClCompile>
    <ClCompile Include="wmpplayer4.cpp">
      <Filter>Source Files</Filter>
    </ClCompile>
    <ClCompile Include="wmpplayerapplication.cpp">
      <Filter>Source Files</Filter>
    </ClCompile>
    <ClCompile Include="wmpplaylist.cpp">
      <Filter>Source Files</Filter>
    </ClCompile>
    <ClCompile Include="wmpplaylistarray.cpp">
      <Filter>Source Files</Filter>
    </ClCompile>
    <ClCompile Include="wmpplaylistcollection.cpp">
      <Filter>Source Files</Filter>
    </ClCompile>
    <ClCompile Include="wmpsettings.cpp">
      <Filter>Source Files</Filter>
    </ClCompile>
    <ClCompile Include="wmpstringcollection.cpp">
      <Filter>Source Files</Filter>
    </ClCompile>
    <ClCompile Include="xchat-plugin.cpp">
      <Filter>Source Files</Filter>
    </ClCompile>
  </ItemGroup>
  <ItemGroup>
    <Midl Include="wmpa.odl">
      <Filter>Source Files</Filter>
    </Midl>
  </ItemGroup>
  <ItemGroup>
    <ResourceCompile Include="wmpa.rc">
      <Filter>Source Files</Filter>
    </ResourceCompile>
  </ItemGroup>
  <ItemGroup>
    <ClInclude Include="Resource.h">
      <Filter>Header Files</Filter>
    </ClInclude>
    <ClInclude Include="StdAfx.h">
      <Filter>Header Files</Filter>
    </ClInclude>
    <ClInclude Include="wmpa.h">
      <Filter>Header Files</Filter>
    </ClInclude>
    <ClInclude Include="WMPADIALOG.h">
      <Filter>Header Files</Filter>
    </ClInclude>
    <ClInclude Include="wmpcdrom.h">
      <Filter>Header Files</Filter>
    </ClInclude>
    <ClInclude Include="wmpcdromcollection.h">
      <Filter>Header Files</Filter>
    </ClInclude>
    <ClInclude Include="wmpclosedcaption.h">
      <Filter>Header Files</Filter>
    </ClInclude>
    <ClInclude Include="wmpcontrols.h">
      <Filter>Header Files</Filter>
    </ClInclude>
    <ClInclude Include="wmpdvd.h">
      <Filter>Header Files</Filter>
    </ClInclude>
    <ClInclude Include="wmperror.h">
      <Filter>Header Files</Filter>
    </ClInclude>
    <ClInclude Include="wmperroritem.h">
      <Filter>Header Files</Filter>
    </ClInclude>
    <ClInclude Include="wmpmedia.h">
      <Filter>Header Files</Filter>
    </ClInclude>
    <ClInclude Include="wmpmediacollection.h">
      <Filter>Header Files</Filter>
    </ClInclude>
    <ClInclude Include="wmpnetwork.h">
      <Filter>Header Files</Filter>
    </ClInclude>
    <ClInclude Include="wmpplayer4.h">
      <Filter>Header Files</Filter>
    </ClInclude>
    <ClInclude Include="wmpplayerapplication.h">
      <Filter>Header Files</Filter>
    </ClInclude>
    <ClInclude Include="wmpplaylist.h">
      <Filter>Header Files</Filter>
    </ClInclude>
    <ClInclude Include="wmpplaylistarray.h">
      <Filter>Header Files</Filter>
    </ClInclude>
    <ClInclude Include="wmpplaylistcollection.h">
      <Filter>Header Files</Filter>
    </ClInclude>
    <ClInclude Include="wmpsettings.h">
      <Filter>Header Files</Filter>
    </ClInclude>
    <ClInclude Include="wmpstringcollection.h">
      <Filter>Header Files</Filter>
    </ClInclude>
    <ClInclude Include="xchat-plugin.h">
      <Filter>Header Files</Filter>
    </ClInclude>
  </ItemGroup>
  <ItemGroup>
    <CustomBuild Include="wmpa.def">
      <Filter>Source Files</Filter>
    </CustomBuild>
    <CustomBuild Include="res\wmpa.rc2">
      <Filter>Resource Files</Filter>
    </CustomBuild>
    <CustomBuild Include="wmpa.ico">
      <Filter>Resource Files</Filter>
    </CustomBuild>
    <CustomBuild Include="ReadMe.txt" />
  </ItemGroup>
</Project>