<?xml version="1.0" encoding="utf-8"?>
<Project ToolsVersion="4.0" xmlns="http://schemas.microsoft.com/developer/msbuild/2003">
  <ItemGroup>
    <Filter Include="Source Files">
      <UniqueIdentifier>{4FC737F1-C7A5-4376-A066-2A32D752A2FF}</UniqueIdentifier>
      <Extensions>cpp;c;cc;cxx;def;odl;idl;hpj;bat;asm;asmx</Extensions>
    </Filter>
    <Filter Include="Header Files">
      <UniqueIdentifier>{93995380-89BD-4b04-88EB-625FBE52EBFB}</UniqueIdentifier>
      <Extensions>h;hpp;hxx;hm;inl;inc;xsd</Extensions>
    </Filter>
    <Filter Include="Resource Files">
      <UniqueIdentifier>{67DA6AB6-F800-4c08-8B7A-83BB121AAD01}</UniqueIdentifier>
      <Extensions>rc;ico;cur;bmp;dlg;rc2;rct;bin;rgs;gif;jpg;jpeg;jpe;resx;tiff;tif;png;wav;mfcribbon-ms</Extensions>
    </Filter>
    <Filter Include="Resource Files\bitmaps">
      <UniqueIdentifier>{448b49a5-e68b-451e-bfbc-0855da024b2e}</UniqueIdentifier>
    </Filter>
    <Filter Include="Resource Files\icons">
      <UniqueIdentifier>{8345128a-0635-43d6-9115-a85ad9c77ee2}</UniqueIdentifier>
    </Filter>
  </ItemGroup>
  <ItemGroup>
    <None Include="xtray.def">
      <Filter>Resource Files</Filter>
    </None>
    <None Include="bitmaps\sd.bmp">
      <Filter>Resource Files\bitmaps</Filter>
    </None>
    <None Include="icons\banned.ico">
      <Filter>Resource Files\icons</Filter>
    </None>
    <None Include="icons\chan_msg.ico">
      <Filter>Resource Files\icons</Filter>
    </None>
    <None Include="icons\disconnected.ico">
      <Filter>Resource Files\icons</Filter>
    </None>
    <None Include="icons\highlight.ico">
      <Filter>Resource Files\icons</Filter>
    </None>
    <None Include="icons\highlight-1-3.ico">
      <Filter>Resource Files\icons</Filter>
    </None>
    <None Include="icons\kicked.ico">
      <Filter>Resource Files\icons</Filter>
    </None>
    <None Include="icons\priv_msg-1-2-2.ico">
      <Filter>Resource Files\icons</Filter>
    </None>
    <None Include="icons\sd.ico">
      <Filter>Resource Files\icons</Filter>
    </None>
    <None Include="icons\server_notice.ico">
      <Filter>Resource Files\icons</Filter>
    </None>
    <None Include="icons\xchat.ico">
      <Filter>Resource Files\icons</Filter>
    </None>
  </ItemGroup>
  <ItemGroup>
    <ResourceCompile Include="resource.rc">
      <Filter>Resource Files</Filter>
    </ResourceCompile>
  </ItemGroup>
  <ItemGroup>
    <ClCompile Include="callbacks.cpp">
      <Filter>Source Files</Filter>
    </ClCompile>
    <ClCompile Include="sdAlerts.cpp">
      <Filter>Source Files</Filter>
    </ClCompile>
    <ClCompile Include="sdTray.cpp">
      <Filter>Source Files</Filter>
    </ClCompile>
    <ClCompile Include="utility.cpp">
      <Filter>Source Files</Filter>
    </ClCompile>
    <ClCompile Include="xchat.cpp">
      <Filter>Source Files</Filter>
    </ClCompile>
    <ClCompile Include="xtray.cpp">
      <Filter>Source Files</Filter>
    </ClCompile>
  </ItemGroup>
  <ItemGroup>
    <ClInclude Include="callbacks.h">
      <Filter>Header Files</Filter>
    </ClInclude>
    <ClInclude Include="resource.h">
      <Filter>Header Files</Filter>
    </ClInclude>
    <ClInclude Include="sdAlerts.h">
      <Filter>Header Files</Filter>
    </ClInclude>
    <ClInclude Include="sdTray.h">
      <Filter>Header Files</Filter>
    </ClInclude>
    <ClInclude Include="utility.h">
      <Filter>Header Files</Filter>
    </ClInclude>
    <ClInclude Include="xchat.h">
      <Filter>Header Files</Filter>
    </ClInclude>
    <ClInclude Include="xtray.h">
      <Filter>Header Files</Filter>
    </ClInclude>
  </ItemGroup>
</Project>