
Microsoft Visual Studio Solution File, Format Version 12.00
# Visual Studio 14
VisualStudioVersion = 14.0.25420.1
MinimumVisualStudioVersion = 10.0.40219.1
Project("{8BC9CEB8-8B4A-11D0-8D11-00A0C91BC942}") = "common", "..\src\common\common.vcxproj", "{87554B59-006C-4D94-9714-897B27067BA3}"
EndProject
Project("{8BC9CEB8-8B4A-11D0-8D11-00A0C91BC942}") = "fe-gtk", "..\src\fe-gtk\fe-gtk.vcxproj", "{E4BDB4C8-2335-415A-ACEE-BA88B19BFE82}"
	ProjectSection(ProjectDependencies) = postProject
		{87554B59-006C-4D94-9714-897B27067BA3} = {87554B59-006C-4D94-9714-897B27067BA3}
	EndProjectSection
EndProject
Project("{8BC9CEB8-8B4A-11D0-8D11-00A0C91BC942}") = "fe-text", "..\src\fe-text\fe-text.vcxproj", "{E93E1255-95D1-4B08-8FDF-B53CC6A21280}"
	ProjectSection(ProjectDependencies) = postProject
		{87554B59-006C-4D94-9714-897B27067BA3} = {87554B59-006C-4D94-9714-897B27067BA3}
	EndProjectSection
EndProject
Project("{2150E333-8FDC-42A3-9474-1A3956D46DE8}") = "hexchat", "hexchat", "{AAACEB12-9475-410E-AF5A-FDFF907E9043}"
EndProject
Project("{2150E333-8FDC-42A3-9474-1A3956D46DE8}") = "plugins", "plugins", "{561126F4-FA18-45FC-A2BF-8F858F161D6D}"
EndProject
Project("{2150E333-8FDC-42A3-9474-1A3956D46DE8}") = "scripting", "scripting", "{D237DA6B-BD5F-46C0-8BEA-50E9A1340240}"
EndProject
Project("{8BC9CEB8-8B4A-11D0-8D11-00A0C91BC942}") = "checksum", "..\plugins\checksum\checksum.vcxproj", "{5EF7F47D-D09C-43C4-BF64-B28B11A0FF91}"
	ProjectSection(ProjectDependencies) = postProject
		{87554B59-006C-4D94-9714-897B27067BA3} = {87554B59-006C-4D94-9714-897B27067BA3}
	EndProjectSection
EndProject
Project("{8BC9CEB8-8B4A-11D0-8D11-00A0C91BC942}") = "exec", "..\plugins\exec\exec.vcxproj", "{17E4BE39-76F7-4A06-AD21-EFD0C5091F76}"
	ProjectSection(ProjectDependencies) = postProject
		{87554B59-006C-4D94-9714-897B27067BA3} = {87554B59-006C-4D94-9714-897B27067BA3}
	EndProjectSection
EndProject
Project("{8BC9CEB8-8B4A-11D0-8D11-00A0C91BC942}") = "fishlim", "..\plugins\fishlim\fishlim.vcxproj", "{3C4F42FC-292A-420B-B63D-C03DFBDD8E4E}"
	ProjectSection(ProjectDependencies) = postProject
		{87554B59-006C-4D94-9714-897B27067BA3} = {87554B59-006C-4D94-9714-897B27067BA3}
	EndProjectSection
EndProject
Project("{8BC9CEB8-8B4A-11D0-8D11-00A0C91BC942}") = "upd", "..\plugins\upd\upd.vcxproj", "{461DC24A-A410-4171-8C02-CCDBF3702C2A}"
	ProjectSection(ProjectDependencies) = postProject
		{87554B59-006C-4D94-9714-897B27067BA3} = {87554B59-006C-4D94-9714-897B27067BA3}
	EndProjectSection
EndProject
Project("{8BC9CEB8-8B4A-11D0-8D11-00A0C91BC942}") = "winamp", "..\plugins\winamp\winamp.vcxproj", "{E78C0D9A-798E-4BF6-B0CC-6FECB8CA2FCE}"
	ProjectSection(ProjectDependencies) = postProject
		{87554B59-006C-4D94-9714-897B27067BA3} = {87554B59-006C-4D94-9714-897B27067BA3}
	EndProjectSection
EndProject
Project("{8BC9CEB8-8B4A-11D0-8D11-00A0C91BC942}") = "sysinfo", "..\plugins\sysinfo\sysinfo.vcxproj", "{6C0CA980-97C5-427A-BE61-5BCECAFABBDA}"
	ProjectSection(ProjectDependencies) = postProject
		{87554B59-006C-4D94-9714-897B27067BA3} = {87554B59-006C-4D94-9714-897B27067BA3}
	EndProjectSection
EndProject
Project("{2150E333-8FDC-42A3-9474-1A3956D46DE8}") = "release", "release", "{0FD996A7-464F-4981-8380-3DCA3A244A13}"
EndProject
Project("{8BC9CEB8-8B4A-11D0-8D11-00A0C91BC942}") = "nls", "nls\nls.vcxproj", "{B10A2C41-344C-43E0-A32D-B9587C198D8B}"
	ProjectSection(ProjectDependencies) = postProject
		{87554B59-006C-4D94-9714-897B27067BA3} = {87554B59-006C-4D94-9714-897B27067BA3}
	EndProjectSection
EndProject
Project("{8BC9CEB8-8B4A-11D0-8D11-00A0C91BC942}") = "copy", "copy\copy.vcxproj", "{C9B735E4-75BC-45AC-A5E3-39A6D076F912}"
	ProjectSection(ProjectDependencies) = postProject
		{B10A2C41-344C-43E0-A32D-B9587C198D8B} = {B10A2C41-344C-43E0-A32D-B9587C198D8B}
		{DE87FFCA-9606-4116-B747-062D88A56A28} = {DE87FFCA-9606-4116-B747-062D88A56A28}
	EndProjectSection
EndProject
Project("{8BC9CEB8-8B4A-11D0-8D11-00A0C91BC942}") = "installer", "installer\installer.vcxproj", "{5A0F4962-E670-4DA2-9E45-52CC47F26E2F}"
	ProjectSection(ProjectDependencies) = postProject
		{C2321A03-0BA7-45B3-8740-ABD82B36B0BF} = {C2321A03-0BA7-45B3-8740-ABD82B36B0BF}
		{BF0EBC16-68AD-4CD1-864C-5B56836EBE2A} = {BF0EBC16-68AD-4CD1-864C-5B56836EBE2A}
		{17E4BE39-76F7-4A06-AD21-EFD0C5091F76} = {17E4BE39-76F7-4A06-AD21-EFD0C5091F76}
		{4C0F3940-2EEE-4646-82F7-6CE75B9A72F4} = {4C0F3940-2EEE-4646-82F7-6CE75B9A72F4}
		{B10A2C41-344C-43E0-A32D-B9587C198D8B} = {B10A2C41-344C-43E0-A32D-B9587C198D8B}
		{461DC24A-A410-4171-8C02-CCDBF3702C2A} = {461DC24A-A410-4171-8C02-CCDBF3702C2A}
		{E93E1255-95D1-4B08-8FDF-B53CC6A21280} = {E93E1255-95D1-4B08-8FDF-B53CC6A21280}
		{5EF7F47D-D09C-43C4-BF64-B28B11A0FF91} = {5EF7F47D-D09C-43C4-BF64-B28B11A0FF91}
		{6C0CA980-97C5-427A-BE61-5BCECAFABBDA} = {6C0CA980-97C5-427A-BE61-5BCECAFABBDA}
		{E78C0D9A-798E-4BF6-B0CC-6FECB8CA2FCE} = {E78C0D9A-798E-4BF6-B0CC-6FECB8CA2FCE}
		{E4BDB4C8-2335-415A-ACEE-BA88B19BFE82} = {E4BDB4C8-2335-415A-ACEE-BA88B19BFE82}
		{DE87FFCA-9606-4116-B747-062D88A56A28} = {DE87FFCA-9606-4116-B747-062D88A56A28}
		{C53145CC-D021-40C9-B97C-0249AB9A43C9} = {C53145CC-D021-40C9-B97C-0249AB9A43C9}
		{D90BC3E3-1341-4849-9354-5F40489D39D1} = {D90BC3E3-1341-4849-9354-5F40489D39D1}
		{C9B735E4-75BC-45AC-A5E3-39A6D076F912} = {C9B735E4-75BC-45AC-A5E3-39A6D076F912}
		{3C4F42FC-292A-420B-B63D-C03DFBDD8E4E} = {3C4F42FC-292A-420B-B63D-C03DFBDD8E4E}
	EndProjectSection
EndProject
Project("{FAE04EC0-301F-11D3-BF4B-00C04F79EFBC}") = "htm", "..\src\htm\htm.csproj", "{DE87FFCA-9606-4116-B747-062D88A56A28}"
	ProjectSection(ProjectDependencies) = postProject
		{87554B59-006C-4D94-9714-897B27067BA3} = {87554B59-006C-4D94-9714-897B27067BA3}
	EndProjectSection
EndProject
Project("{8BC9CEB8-8B4A-11D0-8D11-00A0C91BC942}") = "perl", "..\plugins\perl\perl.vcxproj", "{D90BC3E3-1341-4849-9354-5F40489D39D1}"
	ProjectSection(ProjectDependencies) = postProject
		{87554B59-006C-4D94-9714-897B27067BA3} = {87554B59-006C-4D94-9714-897B27067BA3}
	EndProjectSection
EndProject
Project("{8BC9CEB8-8B4A-11D0-8D11-00A0C91BC942}") = "python3", "..\plugins\python\python3.vcxproj", "{C2321A03-0BA7-45B3-8740-ABD82B36B0BF}"
	ProjectSection(ProjectDependencies) = postProject
		{87554B59-006C-4D94-9714-897B27067BA3} = {87554B59-006C-4D94-9714-897B27067BA3}
	EndProjectSection
EndProject
Project("{8BC9CEB8-8B4A-11D0-8D11-00A0C91BC942}") = "notifications-winrt", "..\src\fe-gtk\notifications\notifications-winrt.vcxproj", "{C53145CC-D021-40C9-B97C-0249AB9A43C9}"
EndProject
Project("{2150E333-8FDC-42A3-9474-1A3956D46DE8}") = "external", "external", "{021EC1D0-FF67-4700-9AB2-EAABF1159C09}"
EndProject
Project("{8BC9CEB8-8B4A-11D0-8D11-00A0C91BC942}") = "libenchant_win8", "..\src\libenchant_win8\libenchant_win8.vcxproj", "{BF0EBC16-68AD-4CD1-864C-5B56836EBE2A}"
	ProjectSection(ProjectDependencies) = postProject
		{87554B59-006C-4D94-9714-897B27067BA3} = {87554B59-006C-4D94-9714-897B27067BA3}
	EndProjectSection
EndProject
Project("{8BC9CEB8-8B4A-11D0-8D11-00A0C91BC942}") = "lua", "..\plugins\lua\lua.vcxproj", "{4C0F3940-2EEE-4646-82F7-6CE75B9A72F4}"
EndProject
Global
	GlobalSection(SolutionConfigurationPlatforms) = preSolution
		Release|Win32 = Release|Win32
		Release|x64 = Release|x64
	EndGlobalSection
	GlobalSection(ProjectConfigurationPlatforms) = postSolution
		{87554B59-006C-4D94-9714-897B27067BA3}.Release|Win32.ActiveCfg = Release|Win32
		{87554B59-006C-4D94-9714-897B27067BA3}.Release|Win32.Build.0 = Release|Win32
		{87554B59-006C-4D94-9714-897B27067BA3}.Release|x64.ActiveCfg = Release|x64
		{87554B59-006C-4D94-9714-897B27067BA3}.Release|x64.Build.0 = Release|x64
		{E4BDB4C8-2335-415A-ACEE-BA88B19BFE82}.Release|Win32.ActiveCfg = Release|Win32
		{E4BDB4C8-2335-415A-ACEE-BA88B19BFE82}.Release|Win32.Build.0 = Release|Win32
		{E4BDB4C8-2335-415A-ACEE-BA88B19BFE82}.Release|x64.ActiveCfg = Release|x64
		{E4BDB4C8-2335-415A-ACEE-BA88B19BFE82}.Release|x64.Build.0 = Release|x64
		{E93E1255-95D1-4B08-8FDF-B53CC6A21280}.Release|Win32.ActiveCfg = Release|Win32
		{E93E1255-95D1-4B08-8FDF-B53CC6A21280}.Release|Win32.Build.0 = Release|Win32
		{E93E1255-95D1-4B08-8FDF-B53CC6A21280}.Release|x64.ActiveCfg = Release|x64
		{E93E1255-95D1-4B08-8FDF-B53CC6A21280}.Release|x64.Build.0 = Release|x64
		{5EF7F47D-D09C-43C4-BF64-B28B11A0FF91}.Release|Win32.ActiveCfg = Release|Win32
		{5EF7F47D-D09C-43C4-BF64-B28B11A0FF91}.Release|Win32.Build.0 = Release|Win32
		{5EF7F47D-D09C-43C4-BF64-B28B11A0FF91}.Release|x64.ActiveCfg = Release|x64
		{5EF7F47D-D09C-43C4-BF64-B28B11A0FF91}.Release|x64.Build.0 = Release|x64
		{17E4BE39-76F7-4A06-AD21-EFD0C5091F76}.Release|Win32.ActiveCfg = Release|Win32
		{17E4BE39-76F7-4A06-AD21-EFD0C5091F76}.Release|Win32.Build.0 = Release|Win32
		{17E4BE39-76F7-4A06-AD21-EFD0C5091F76}.Release|x64.ActiveCfg = Release|x64
		{17E4BE39-76F7-4A06-AD21-EFD0C5091F76}.Release|x64.Build.0 = Release|x64
		{3C4F42FC-292A-420B-B63D-C03DFBDD8E4E}.Release|Win32.ActiveCfg = Release|Win32
		{3C4F42FC-292A-420B-B63D-C03DFBDD8E4E}.Release|Win32.Build.0 = Release|Win32
		{3C4F42FC-292A-420B-B63D-C03DFBDD8E4E}.Release|x64.ActiveCfg = Release|x64
		{3C4F42FC-292A-420B-B63D-C03DFBDD8E4E}.Release|x64.Build.0 = Release|x64
		{461DC24A-A410-4171-8C02-CCDBF3702C2A}.Release|Win32.ActiveCfg = Release|Win32
		{461DC24A-A410-4171-8C02-CCDBF3702C2A}.Release|Win32.Build.0 = Release|Win32
		{461DC24A-A410-4171-8C02-CCDBF3702C2A}.Release|x64.ActiveCfg = Release|x64
		{461DC24A-A410-4171-8C02-CCDBF3702C2A}.Release|x64.Build.0 = Release|x64
		{E78C0D9A-798E-4BF6-B0CC-6FECB8CA2FCE}.Release|Win32.ActiveCfg = Release|Win32
		{E78C0D9A-798E-4BF6-B0CC-6FECB8CA2FCE}.Release|Win32.Build.0 = Release|Win32
		{E78C0D9A-798E-4BF6-B0CC-6FECB8CA2FCE}.Release|x64.ActiveCfg = Release|x64
		{E78C0D9A-798E-4BF6-B0CC-6FECB8CA2FCE}.Release|x64.Build.0 = Release|x64
		{6C0CA980-97C5-427A-BE61-5BCECAFABBDA}.Release|Win32.ActiveCfg = Release|Win32
		{6C0CA980-97C5-427A-BE61-5BCECAFABBDA}.Release|Win32.Build.0 = Release|Win32
		{6C0CA980-97C5-427A-BE61-5BCECAFABBDA}.Release|x64.ActiveCfg = Release|x64
		{6C0CA980-97C5-427A-BE61-5BCECAFABBDA}.Release|x64.Build.0 = Release|x64
		{B10A2C41-344C-43E0-A32D-B9587C198D8B}.Release|Win32.ActiveCfg = Release|Win32
		{B10A2C41-344C-43E0-A32D-B9587C198D8B}.Release|Win32.Build.0 = Release|Win32
		{B10A2C41-344C-43E0-A32D-B9587C198D8B}.Release|x64.ActiveCfg = Release|x64
		{B10A2C41-344C-43E0-A32D-B9587C198D8B}.Release|x64.Build.0 = Release|x64
		{C9B735E4-75BC-45AC-A5E3-39A6D076F912}.Release|Win32.ActiveCfg = Release|Win32
		{C9B735E4-75BC-45AC-A5E3-39A6D076F912}.Release|Win32.Build.0 = Release|Win32
		{C9B735E4-75BC-45AC-A5E3-39A6D076F912}.Release|x64.ActiveCfg = Release|x64
		{C9B735E4-75BC-45AC-A5E3-39A6D076F912}.Release|x64.Build.0 = Release|x64
		{5A0F4962-E670-4DA2-9E45-52CC47F26E2F}.Release|Win32.ActiveCfg = Release|Win32
		{5A0F4962-E670-4DA2-9E45-52CC47F26E2F}.Release|Win32.Build.0 = Release|Win32
		{5A0F4962-E670-4DA2-9E45-52CC47F26E2F}.Release|x64.ActiveCfg = Release|x64
		{5A0F4962-E670-4DA2-9E45-52CC47F26E2F}.Release|x64.Build.0 = Release|x64
		{DE87FFCA-9606-4116-B747-062D88A56A28}.Release|Win32.ActiveCfg = Release|x86
		{DE87FFCA-9606-4116-B747-062D88A56A28}.Release|Win32.Build.0 = Release|x86
		{DE87FFCA-9606-4116-B747-062D88A56A28}.Release|x64.ActiveCfg = Release|x64
		{DE87FFCA-9606-4116-B747-062D88A56A28}.Release|x64.Build.0 = Release|x64
		{D90BC3E3-1341-4849-9354-5F40489D39D1}.Release|Win32.ActiveCfg = Release|Win32
		{D90BC3E3-1341-4849-9354-5F40489D39D1}.Release|Win32.Build.0 = Release|Win32
		{D90BC3E3-1341-4849-9354-5F40489D39D1}.Release|x64.ActiveCfg = Release|x64
		{D90BC3E3-1341-4849-9354-5F40489D39D1}.Release|x64.Build.0 = Release|x64
		{C2321A03-0BA7-45B3-8740-ABD82B36B0BF}.Release|Win32.ActiveCfg = Release|Win32
		{C2321A03-0BA7-45B3-8740-ABD82B36B0BF}.Release|Win32.Build.0 = Release|Win32
		{C2321A03-0BA7-45B3-8740-ABD82B36B0BF}.Release|x64.ActiveCfg = Release|x64
		{C2321A03-0BA7-45B3-8740-ABD82B36B0BF}.Release|x64.Build.0 = Release|x64
		{C53145CC-D021-40C9-B97C-0249AB9A43C9}.Release|Win32.ActiveCfg = Release|Win32
		{C53145CC-D021-40C9-B97C-0249AB9A43C9}.Release|Win32.Build.0 = Release|Win32
		{C53145CC-D021-40C9-B97C-0249AB9A43C9}.Release|x64.ActiveCfg = Release|x64
		{C53145CC-D021-40C9-B97C-0249AB9A43C9}.Release|x64.Build.0 = Release|x64
		{BF0EBC16-68AD-4CD1-864C-5B56836EBE2A}.Release|Win32.ActiveCfg = Release|Win32
		{BF0EBC16-68AD-4CD1-864C-5B56836EBE2A}.Release|Win32.Build.0 = Release|Win32
		{BF0EBC16-68AD-4CD1-864C-5B56836EBE2A}.Release|x64.ActiveCfg = Release|x64
		{BF0EBC16-68AD-4CD1-864C-5B56836EBE2A}.Release|x64.Build.0 = Release|x64
		{4C0F3940-2EEE-4646-82F7-6CE75B9A72F4}.Release|Win32.ActiveCfg = Release|Win32
		{4C0F3940-2EEE-4646-82F7-6CE75B9A72F4}.Release|Win32.Build.0 = Release|Win32
		{4C0F3940-2EEE-4646-82F7-6CE75B9A72F4}.Release|x64.ActiveCfg = Release|x64
		{4C0F3940-2EEE-4646-82F7-6CE75B9A72F4}.Release|x64.Build.0 = Release|x64
	EndGlobalSection
	GlobalSection(SolutionProperties) = preSolution
		HideSolutionNode = FALSE
	EndGlobalSection
	GlobalSection(NestedProjects) = preSolution
		{87554B59-006C-4D94-9714-897B27067BA3} = {AAACEB12-9475-410E-AF5A-FDFF907E9043}
		{E4BDB4C8-2335-415A-ACEE-BA88B19BFE82} = {AAACEB12-9475-410E-AF5A-FDFF907E9043}
		{E93E1255-95D1-4B08-8FDF-B53CC6A21280} = {AAACEB12-9475-410E-AF5A-FDFF907E9043}
		{5EF7F47D-D09C-43C4-BF64-B28B11A0FF91} = {561126F4-FA18-45FC-A2BF-8F858F161D6D}
		{17E4BE39-76F7-4A06-AD21-EFD0C5091F76} = {561126F4-FA18-45FC-A2BF-8F858F161D6D}
		{3C4F42FC-292A-420B-B63D-C03DFBDD8E4E} = {561126F4-FA18-45FC-A2BF-8F858F161D6D}
		{461DC24A-A410-4171-8C02-CCDBF3702C2A} = {561126F4-FA18-45FC-A2BF-8F858F161D6D}
		{E78C0D9A-798E-4BF6-B0CC-6FECB8CA2FCE} = {561126F4-FA18-45FC-A2BF-8F858F161D6D}
		{6C0CA980-97C5-427A-BE61-5BCECAFABBDA} = {561126F4-FA18-45FC-A2BF-8F858F161D6D}
		{B10A2C41-344C-43E0-A32D-B9587C198D8B} = {0FD996A7-464F-4981-8380-3DCA3A244A13}
		{C9B735E4-75BC-45AC-A5E3-39A6D076F912} = {0FD996A7-464F-4981-8380-3DCA3A244A13}
		{5A0F4962-E670-4DA2-9E45-52CC47F26E2F} = {0FD996A7-464F-4981-8380-3DCA3A244A13}
		{DE87FFCA-9606-4116-B747-062D88A56A28} = {AAACEB12-9475-410E-AF5A-FDFF907E9043}
		{D90BC3E3-1341-4849-9354-5F40489D39D1} = {D237DA6B-BD5F-46C0-8BEA-50E9A1340240}
		{C2321A03-0BA7-45B3-8740-ABD82B36B0BF} = {D237DA6B-BD5F-46C0-8BEA-50E9A1340240}
		{C53145CC-D021-40C9-B97C-0249AB9A43C9} = {561126F4-FA18-45FC-A2BF-8F858F161D6D}
		{BF0EBC16-68AD-4CD1-864C-5B56836EBE2A} = {021EC1D0-FF67-4700-9AB2-EAABF1159C09}
		{4C0F3940-2EEE-4646-82F7-6CE75B9A72F4} = {D237DA6B-BD5F-46C0-8BEA-50E9A1340240}
	EndGlobalSection
EndGlobal
