
Microsoft Visual Studio Solution File, Format Version 11.00
# Visual Studio 2010
Project("{8BC9CEB8-8B4A-11D0-8D11-00A0C91BC942}") = "common", "..\src\common\common.vcxproj", "{87554B59-006C-4D94-9714-897B27067BA3}"
EndProject
Project("{8BC9CEB8-8B4A-11D0-8D11-00A0C91BC942}") = "dirent", "..\src\dirent\dirent.vcxproj", "{98B56DF9-E4F1-4696-A565-5F7823CF214D}"
EndProject
Project("{8BC9CEB8-8B4A-11D0-8D11-00A0C91BC942}") = "pixmaps", "..\src\pixmaps\pixmaps.vcxproj", "{626DA61C-FA8B-474C-B2F5-72AD9DFEE642}"
EndProject
Project("{8BC9CEB8-8B4A-11D0-8D11-00A0C91BC942}") = "version", "..\src\version\version.vcxproj", "{6CD3647E-4541-4849-9DD7-C8816665AE42}"
EndProject
Project("{8BC9CEB8-8B4A-11D0-8D11-00A0C91BC942}") = "fe-gtk", "..\src\fe-gtk\fe-gtk.vcxproj", "{E4BDB4C8-2335-415A-ACEE-BA88B19BFE82}"
	ProjectSection(ProjectDependencies) = postProject
		{626DA61C-FA8B-474C-B2F5-72AD9DFEE642} = {626DA61C-FA8B-474C-B2F5-72AD9DFEE642}
		{87554B59-006C-4D94-9714-897B27067BA3} = {87554B59-006C-4D94-9714-897B27067BA3}
		{6CD3647E-4541-4849-9DD7-C8816665AE42} = {6CD3647E-4541-4849-9DD7-C8816665AE42}
		{98B56DF9-E4F1-4696-A565-5F7823CF214D} = {98B56DF9-E4F1-4696-A565-5F7823CF214D}
	EndProjectSection
EndProject
Project("{8BC9CEB8-8B4A-11D0-8D11-00A0C91BC942}") = "fe-text", "..\src\fe-text\fe-text.vcxproj", "{E93E1255-95D1-4B08-8FDF-B53CC6A21280}"
	ProjectSection(ProjectDependencies) = postProject
		{87554B59-006C-4D94-9714-897B27067BA3} = {87554B59-006C-4D94-9714-897B27067BA3}
		{98B56DF9-E4F1-4696-A565-5F7823CF214D} = {98B56DF9-E4F1-4696-A565-5F7823CF214D}
	EndProjectSection
EndProject
Global
	GlobalSection(SolutionConfigurationPlatforms) = preSolution
		Release|Win32 = Release|Win32
	EndGlobalSection
	GlobalSection(ProjectConfigurationPlatforms) = postSolution
		{87554B59-006C-4D94-9714-897B27067BA3}.Release|Win32.ActiveCfg = Release|Win32
		{87554B59-006C-4D94-9714-897B27067BA3}.Release|Win32.Build.0 = Release|Win32
		{98B56DF9-E4F1-4696-A565-5F7823CF214D}.Release|Win32.ActiveCfg = Release|Win32
		{98B56DF9-E4F1-4696-A565-5F7823CF214D}.Release|Win32.Build.0 = Release|Win32
		{626DA61C-FA8B-474C-B2F5-72AD9DFEE642}.Release|Win32.ActiveCfg = Release|Win32
		{626DA61C-FA8B-474C-B2F5-72AD9DFEE642}.Release|Win32.Build.0 = Release|Win32
		{6CD3647E-4541-4849-9DD7-C8816665AE42}.Release|Win32.ActiveCfg = Release|Win32
		{6CD3647E-4541-4849-9DD7-C8816665AE42}.Release|Win32.Build.0 = Release|Win32
		{E4BDB4C8-2335-415A-ACEE-BA88B19BFE82}.Release|Win32.ActiveCfg = Release|Win32
		{E4BDB4C8-2335-415A-ACEE-BA88B19BFE82}.Release|Win32.Build.0 = Release|Win32
		{E93E1255-95D1-4B08-8FDF-B53CC6A21280}.Release|Win32.ActiveCfg = Release|Win32
		{E93E1255-95D1-4B08-8FDF-B53CC6A21280}.Release|Win32.Build.0 = Release|Win32
	EndGlobalSection
	GlobalSection(SolutionProperties) = preSolution
		HideSolutionNode = FALSE
	EndGlobalSection
EndGlobal
