
Microsoft Visual Studio Solution File, Format Version 11.00
# Visual Studio 2010
Project("{8BC9CEB8-8B4A-11D0-8D11-00A0C91BC942}") = "common", "..\src\common\common.vcxproj", "{87554B59-006C-4D94-9714-897B27067BA3}"
EndProject
Project("{8BC9CEB8-8B4A-11D0-8D11-00A0C91BC942}") = "dirent", "..\src\dirent\dirent.vcxproj", "{98B56DF9-E4F1-4696-A565-5F7823CF214D}"
EndProject
Project("{8BC9CEB8-8B4A-11D0-8D11-00A0C91BC942}") = "pixmaps", "..\src\pixmaps\pixmaps.vcxproj", "{626DA61C-FA8B-474C-B2F5-72AD9DFEE642}"
EndProject
Project("{8BC9CEB8-8B4A-11D0-8D11-00A0C91BC942}") = "version", "..\src\version\version.vcxproj", "{6CD3647E-4541-4849-9DD7-C8816665AE42}"
EndProject
Project("{8BC9CEB8-8B4A-11D0-8D11-00A0C91BC942}") = "fe-gtk", "..\src\fe-gtk\fe-gtk.vcxproj", "{E4BDB4C8-2335-415A-ACEE-BA88B19BFE82}"
	ProjectSection(ProjectDependencies) = postProject
		{626DA61C-FA8B-474C-B2F5-72AD9DFEE642} = {626DA61C-FA8B-474C-B2F5-72AD9DFEE642}
		{87554B59-006C-4D94-9714-897B27067BA3} = {87554B59-006C-4D94-9714-897B27067BA3}
		{6CD3647E-4541-4849-9DD7-C8816665AE42} = {6CD3647E-4541-4849-9DD7-C8816665AE42}
		{98B56DF9-E4F1-4696-A565-5F7823CF214D} = {98B56DF9-E4F1-4696-A565-5F7823CF214D}
	EndProjectSection
EndProject
Project("{8BC9CEB8-8B4A-11D0-8D11-00A0C91BC942}") = "fe-text", "..\src\fe-text\fe-text.vcxproj", "{E93E1255-95D1-4B08-8FDF-B53CC6A21280}"
	ProjectSection(ProjectDependencies) = postProject
		{87554B59-006C-4D94-9714-897B27067BA3} = {87554B59-006C-4D94-9714-897B27067BA3}
		{98B56DF9-E4F1-4696-A565-5F7823CF214D} = {98B56DF9-E4F1-4696-A565-5F7823CF214D}
	EndProjectSection
EndProject
Project("{2150E333-8FDC-42A3-9474-1A3956D46DE8}") = "xchat", "xchat", "{AAACEB12-9475-410E-AF5A-FDFF907E9043}"
EndProject
Project("{2150E333-8FDC-42A3-9474-1A3956D46DE8}") = "plugins", "plugins", "{561126F4-FA18-45FC-A2BF-8F858F161D6D}"
EndProject
Project("{2150E333-8FDC-42A3-9474-1A3956D46DE8}") = "scripting", "scripting", "{D237DA6B-BD5F-46C0-8BEA-50E9A1340240}"
EndProject
Project("{2150E333-8FDC-42A3-9474-1A3956D46DE8}") = "common", "common", "{BB051F0F-A841-4A9A-BAF6-51DD9866D65A}"
EndProject
Project("{8BC9CEB8-8B4A-11D0-8D11-00A0C91BC942}") = "tcl", "..\plugins\tcl\tcl.vcxproj", "{2773666A-8CFC-4533-A043-EAD59F16A1C7}"
EndProject
Project("{8BC9CEB8-8B4A-11D0-8D11-00A0C91BC942}") = "perl-512", "..\plugins\perl\perl-512.vcxproj", "{987E9374-98A1-44BA-946F-D3472D7A7055}"
	ProjectSection(ProjectDependencies) = postProject
		{98B56DF9-E4F1-4696-A565-5F7823CF214D} = {98B56DF9-E4F1-4696-A565-5F7823CF214D}
	EndProjectSection
EndProject
Project("{8BC9CEB8-8B4A-11D0-8D11-00A0C91BC942}") = "perl-514", "..\plugins\perl\perl-514.vcxproj", "{C4C9FA6F-F990-4C7B-85F6-CD8F4F5728F0}"
	ProjectSection(ProjectDependencies) = postProject
		{987E9374-98A1-44BA-946F-D3472D7A7055} = {987E9374-98A1-44BA-946F-D3472D7A7055}
		{98B56DF9-E4F1-4696-A565-5F7823CF214D} = {98B56DF9-E4F1-4696-A565-5F7823CF214D}
	EndProjectSection
EndProject
Project("{8BC9CEB8-8B4A-11D0-8D11-00A0C91BC942}") = "perl-516", "..\plugins\perl\perl-516.vcxproj", "{58654438-F674-42F7-88FA-73EF90AD80B1}"
	ProjectSection(ProjectDependencies) = postProject
		{C4C9FA6F-F990-4C7B-85F6-CD8F4F5728F0} = {C4C9FA6F-F990-4C7B-85F6-CD8F4F5728F0}
		{98B56DF9-E4F1-4696-A565-5F7823CF214D} = {98B56DF9-E4F1-4696-A565-5F7823CF214D}
	EndProjectSection
EndProject
Project("{8BC9CEB8-8B4A-11D0-8D11-00A0C91BC942}") = "python", "..\plugins\python\python.vcxproj", "{19C52A0A-A790-409E-A28A-9745FF990F5C}"
	ProjectSection(ProjectDependencies) = postProject
		{98B56DF9-E4F1-4696-A565-5F7823CF214D} = {98B56DF9-E4F1-4696-A565-5F7823CF214D}
	EndProjectSection
EndProject
Project("{8BC9CEB8-8B4A-11D0-8D11-00A0C91BC942}") = "lua", "..\plugins\lua\lua.vcxproj", "{646B4316-C8B8-4DB6-B6AE-E586929E5729}"
	ProjectSection(ProjectDependencies) = postProject
		{98B56DF9-E4F1-4696-A565-5F7823CF214D} = {98B56DF9-E4F1-4696-A565-5F7823CF214D}
	EndProjectSection
EndProject
Project("{8BC9CEB8-8B4A-11D0-8D11-00A0C91BC942}") = "doat", "..\plugins\doat\doat.vcxproj", "{4980AF24-9D42-427D-A8E6-0DF3B97C455D}"
EndProject
Project("{8BC9CEB8-8B4A-11D0-8D11-00A0C91BC942}") = "checksum", "..\plugins\checksum\checksum.vcxproj", "{5EF7F47D-D09C-43C4-BF64-B28B11A0FF91}"
EndProject
Project("{8BC9CEB8-8B4A-11D0-8D11-00A0C91BC942}") = "dns", "..\plugins\dns\dns.vcxproj", "{3786FA8C-3E76-45E3-984E-FCCFF44729C9}"
EndProject
Project("{8BC9CEB8-8B4A-11D0-8D11-00A0C91BC942}") = "exec", "..\plugins\exec\exec.vcxproj", "{17E4BE39-76F7-4A06-AD21-EFD0C5091F76}"
EndProject
Project("{8BC9CEB8-8B4A-11D0-8D11-00A0C91BC942}") = "fishlim", "..\plugins\fishlim\fishlim.vcxproj", "{3C4F42FC-292A-420B-B63D-C03DFBDD8E4E}"
EndProject
Project("{8BC9CEB8-8B4A-11D0-8D11-00A0C91BC942}") = "mpcinfo", "..\plugins\mpcinfo\mpcinfo.vcxproj", "{B0E36D93-CA2A-49FE-9EB9-9C96C6016EEC}"
EndProject
Project("{8BC9CEB8-8B4A-11D0-8D11-00A0C91BC942}") = "upd", "..\plugins\upd\upd.vcxproj", "{461DC24A-A410-4171-8C02-CCDBF3702C2A}"
EndProject
Project("{8BC9CEB8-8B4A-11D0-8D11-00A0C91BC942}") = "winamp", "..\plugins\winamp\winamp.vcxproj", "{E78C0D9A-798E-4BF6-B0CC-6FECB8CA2FCE}"
EndProject
Project("{8BC9CEB8-8B4A-11D0-8D11-00A0C91BC942}") = "winsys", "..\plugins\winsys\winsys.vcxproj", "{6C0CA980-97C5-427A-BE61-5BCECAFABBDA}"
EndProject
Project("{8BC9CEB8-8B4A-11D0-8D11-00A0C91BC942}") = "xsasl", "..\plugins\xsasl\xsasl.vcxproj", "{18871EBA-AC85-4652-8919-EB8064B9A714}"
EndProject
Project("{8BC9CEB8-8B4A-11D0-8D11-00A0C91BC942}") = "xtray", "..\plugins\xtray\xtray.vcxproj", "{3024CF36-85E5-4E00-9608-7002E2C7EF14}"
EndProject
Project("{8BC9CEB8-8B4A-11D0-8D11-00A0C91BC942}") = "wmpa", "..\plugins\wmpa\wmpa.vcxproj", "{E7F4DB0A-510D-41EF-B284-6E1DE1CC450D}"
EndProject
Project("{2150E333-8FDC-42A3-9474-1A3956D46DE8}") = "release", "release", "{0FD996A7-464F-4981-8380-3DCA3A244A13}"
EndProject
Project("{8BC9CEB8-8B4A-11D0-8D11-00A0C91BC942}") = "nls", "nls\nls.vcxproj", "{B10A2C41-344C-43E0-A32D-B9587C198D8B}"
EndProject
Project("{8BC9CEB8-8B4A-11D0-8D11-00A0C91BC942}") = "copy", "copy\copy.vcxproj", "{C9B735E4-75BC-45AC-A5E3-39A6D076F912}"
	ProjectSection(ProjectDependencies) = postProject
		{19C52A0A-A790-409E-A28A-9745FF990F5C} = {19C52A0A-A790-409E-A28A-9745FF990F5C}
		{E7F4DB0A-510D-41EF-B284-6E1DE1CC450D} = {E7F4DB0A-510D-41EF-B284-6E1DE1CC450D}
		{646B4316-C8B8-4DB6-B6AE-E586929E5729} = {646B4316-C8B8-4DB6-B6AE-E586929E5729}
		{4980AF24-9D42-427D-A8E6-0DF3B97C455D} = {4980AF24-9D42-427D-A8E6-0DF3B97C455D}
		{3024CF36-85E5-4E00-9608-7002E2C7EF14} = {3024CF36-85E5-4E00-9608-7002E2C7EF14}
		{58654438-F674-42F7-88FA-73EF90AD80B1} = {58654438-F674-42F7-88FA-73EF90AD80B1}
		{17E4BE39-76F7-4A06-AD21-EFD0C5091F76} = {17E4BE39-76F7-4A06-AD21-EFD0C5091F76}
		{B10A2C41-344C-43E0-A32D-B9587C198D8B} = {B10A2C41-344C-43E0-A32D-B9587C198D8B}
		{461DC24A-A410-4171-8C02-CCDBF3702C2A} = {461DC24A-A410-4171-8C02-CCDBF3702C2A}
		{E93E1255-95D1-4B08-8FDF-B53CC6A21280} = {E93E1255-95D1-4B08-8FDF-B53CC6A21280}
		{2773666A-8CFC-4533-A043-EAD59F16A1C7} = {2773666A-8CFC-4533-A043-EAD59F16A1C7}
		{C4C9FA6F-F990-4C7B-85F6-CD8F4F5728F0} = {C4C9FA6F-F990-4C7B-85F6-CD8F4F5728F0}
		{987E9374-98A1-44BA-946F-D3472D7A7055} = {987E9374-98A1-44BA-946F-D3472D7A7055}
		{5EF7F47D-D09C-43C4-BF64-B28B11A0FF91} = {5EF7F47D-D09C-43C4-BF64-B28B11A0FF91}
		{6C0CA980-97C5-427A-BE61-5BCECAFABBDA} = {6C0CA980-97C5-427A-BE61-5BCECAFABBDA}
		{3786FA8C-3E76-45E3-984E-FCCFF44729C9} = {3786FA8C-3E76-45E3-984E-FCCFF44729C9}
		{B0E36D93-CA2A-49FE-9EB9-9C96C6016EEC} = {B0E36D93-CA2A-49FE-9EB9-9C96C6016EEC}
		{E78C0D9A-798E-4BF6-B0CC-6FECB8CA2FCE} = {E78C0D9A-798E-4BF6-B0CC-6FECB8CA2FCE}
		{18871EBA-AC85-4652-8919-EB8064B9A714} = {18871EBA-AC85-4652-8919-EB8064B9A714}
		{E4BDB4C8-2335-415A-ACEE-BA88B19BFE82} = {E4BDB4C8-2335-415A-ACEE-BA88B19BFE82}
		{DE87FFCA-9606-4116-B747-062D88A56A28} = {DE87FFCA-9606-4116-B747-062D88A56A28}
		{3C4F42FC-292A-420B-B63D-C03DFBDD8E4E} = {3C4F42FC-292A-420B-B63D-C03DFBDD8E4E}
	EndProjectSection
EndProject
Project("{8BC9CEB8-8B4A-11D0-8D11-00A0C91BC942}") = "installer", "installer\installer.vcxproj", "{5A0F4962-E670-4DA2-9E45-52CC47F26E2F}"
	ProjectSection(ProjectDependencies) = postProject
		{C9B735E4-75BC-45AC-A5E3-39A6D076F912} = {C9B735E4-75BC-45AC-A5E3-39A6D076F912}
	EndProjectSection
EndProject
Project("{FAE04EC0-301F-11D3-BF4B-00C04F79EFBC}") = "xtm", "..\src\xtm\xtm.csproj", "{DE87FFCA-9606-4116-B747-062D88A56A28}"
EndProject
Global
	GlobalSection(SolutionConfigurationPlatforms) = preSolution
		Release|Win32 = Release|Win32
		Release|x64 = Release|x64
	EndGlobalSection
	GlobalSection(ProjectConfigurationPlatforms) = postSolution
		{87554B59-006C-4D94-9714-897B27067BA3}.Release|Win32.ActiveCfg = Release|Win32
		{87554B59-006C-4D94-9714-897B27067BA3}.Release|Win32.Build.0 = Release|Win32
		{87554B59-006C-4D94-9714-897B27067BA3}.Release|x64.ActiveCfg = Release|x64
		{87554B59-006C-4D94-9714-897B27067BA3}.Release|x64.Build.0 = Release|x64
		{98B56DF9-E4F1-4696-A565-5F7823CF214D}.Release|Win32.ActiveCfg = Release|Win32
		{98B56DF9-E4F1-4696-A565-5F7823CF214D}.Release|Win32.Build.0 = Release|Win32
		{98B56DF9-E4F1-4696-A565-5F7823CF214D}.Release|x64.ActiveCfg = Release|x64
		{98B56DF9-E4F1-4696-A565-5F7823CF214D}.Release|x64.Build.0 = Release|x64
		{626DA61C-FA8B-474C-B2F5-72AD9DFEE642}.Release|Win32.ActiveCfg = Release|Win32
		{626DA61C-FA8B-474C-B2F5-72AD9DFEE642}.Release|Win32.Build.0 = Release|Win32
		{626DA61C-FA8B-474C-B2F5-72AD9DFEE642}.Release|x64.ActiveCfg = Release|x64
		{626DA61C-FA8B-474C-B2F5-72AD9DFEE642}.Release|x64.Build.0 = Release|x64
		{6CD3647E-4541-4849-9DD7-C8816665AE42}.Release|Win32.ActiveCfg = Release|Win32
		{6CD3647E-4541-4849-9DD7-C8816665AE42}.Release|Win32.Build.0 = Release|Win32
		{6CD3647E-4541-4849-9DD7-C8816665AE42}.Release|x64.ActiveCfg = Release|x64
		{6CD3647E-4541-4849-9DD7-C8816665AE42}.Release|x64.Build.0 = Release|x64
		{E4BDB4C8-2335-415A-ACEE-BA88B19BFE82}.Release|Win32.ActiveCfg = Release|Win32
		{E4BDB4C8-2335-415A-ACEE-BA88B19BFE82}.Release|Win32.Build.0 = Release|Win32
		{E4BDB4C8-2335-415A-ACEE-BA88B19BFE82}.Release|x64.ActiveCfg = Release|x64
		{E4BDB4C8-2335-415A-ACEE-BA88B19BFE82}.Release|x64.Build.0 = Release|x64
		{E93E1255-95D1-4B08-8FDF-B53CC6A21280}.Release|Win32.ActiveCfg = Release|Win32
		{E93E1255-95D1-4B08-8FDF-B53CC6A21280}.Release|Win32.Build.0 = Release|Win32
		{E93E1255-95D1-4B08-8FDF-B53CC6A21280}.Release|x64.ActiveCfg = Release|x64
		{E93E1255-95D1-4B08-8FDF-B53CC6A21280}.Release|x64.Build.0 = Release|x64
		{2773666A-8CFC-4533-A043-EAD59F16A1C7}.Release|Win32.ActiveCfg = Release|Win32
		{2773666A-8CFC-4533-A043-EAD59F16A1C7}.Release|Win32.Build.0 = Release|Win32
		{2773666A-8CFC-4533-A043-EAD59F16A1C7}.Release|x64.ActiveCfg = Release|x64
		{2773666A-8CFC-4533-A043-EAD59F16A1C7}.Release|x64.Build.0 = Release|x64
		{987E9374-98A1-44BA-946F-D3472D7A7055}.Release|Win32.ActiveCfg = Release|Win32
		{987E9374-98A1-44BA-946F-D3472D7A7055}.Release|Win32.Build.0 = Release|Win32
		{987E9374-98A1-44BA-946F-D3472D7A7055}.Release|x64.ActiveCfg = Release|x64
		{987E9374-98A1-44BA-946F-D3472D7A7055}.Release|x64.Build.0 = Release|x64
		{C4C9FA6F-F990-4C7B-85F6-CD8F4F5728F0}.Release|Win32.ActiveCfg = Release|Win32
		{C4C9FA6F-F990-4C7B-85F6-CD8F4F5728F0}.Release|Win32.Build.0 = Release|Win32
		{C4C9FA6F-F990-4C7B-85F6-CD8F4F5728F0}.Release|x64.ActiveCfg = Release|x64
		{C4C9FA6F-F990-4C7B-85F6-CD8F4F5728F0}.Release|x64.Build.0 = Release|x64
		{58654438-F674-42F7-88FA-73EF90AD80B1}.Release|Win32.ActiveCfg = Release|Win32
		{58654438-F674-42F7-88FA-73EF90AD80B1}.Release|Win32.Build.0 = Release|Win32
		{58654438-F674-42F7-88FA-73EF90AD80B1}.Release|x64.ActiveCfg = Release|x64
		{58654438-F674-42F7-88FA-73EF90AD80B1}.Release|x64.Build.0 = Release|x64
		{19C52A0A-A790-409E-A28A-9745FF990F5C}.Release|Win32.ActiveCfg = Release|Win32
		{19C52A0A-A790-409E-A28A-9745FF990F5C}.Release|Win32.Build.0 = Release|Win32
		{19C52A0A-A790-409E-A28A-9745FF990F5C}.Release|x64.ActiveCfg = Release|x64
		{19C52A0A-A790-409E-A28A-9745FF990F5C}.Release|x64.Build.0 = Release|x64
		{646B4316-C8B8-4DB6-B6AE-E586929E5729}.Release|Win32.ActiveCfg = Release|Win32
		{646B4316-C8B8-4DB6-B6AE-E586929E5729}.Release|Win32.Build.0 = Release|Win32
		{646B4316-C8B8-4DB6-B6AE-E586929E5729}.Release|x64.ActiveCfg = Release|x64
		{646B4316-C8B8-4DB6-B6AE-E586929E5729}.Release|x64.Build.0 = Release|x64
		{4980AF24-9D42-427D-A8E6-0DF3B97C455D}.Release|Win32.ActiveCfg = Release|Win32
		{4980AF24-9D42-427D-A8E6-0DF3B97C455D}.Release|Win32.Build.0 = Release|Win32
		{4980AF24-9D42-427D-A8E6-0DF3B97C455D}.Release|x64.ActiveCfg = Release|x64
		{4980AF24-9D42-427D-A8E6-0DF3B97C455D}.Release|x64.Build.0 = Release|x64
		{5EF7F47D-D09C-43C4-BF64-B28B11A0FF91}.Release|Win32.ActiveCfg = Release|Win32
		{5EF7F47D-D09C-43C4-BF64-B28B11A0FF91}.Release|Win32.Build.0 = Release|Win32
		{5EF7F47D-D09C-43C4-BF64-B28B11A0FF91}.Release|x64.ActiveCfg = Release|x64
		{5EF7F47D-D09C-43C4-BF64-B28B11A0FF91}.Release|x64.Build.0 = Release|x64
		{3786FA8C-3E76-45E3-984E-FCCFF44729C9}.Release|Win32.ActiveCfg = Release|Win32
		{3786FA8C-3E76-45E3-984E-FCCFF44729C9}.Release|Win32.Build.0 = Release|Win32
		{3786FA8C-3E76-45E3-984E-FCCFF44729C9}.Release|x64.ActiveCfg = Release|x64
		{3786FA8C-3E76-45E3-984E-FCCFF44729C9}.Release|x64.Build.0 = Release|x64
		{17E4BE39-76F7-4A06-AD21-EFD0C5091F76}.Release|Win32.ActiveCfg = Release|Win32
		{17E4BE39-76F7-4A06-AD21-EFD0C5091F76}.Release|Win32.Build.0 = Release|Win32
		{17E4BE39-76F7-4A06-AD21-EFD0C5091F76}.Release|x64.ActiveCfg = Release|x64
		{17E4BE39-76F7-4A06-AD21-EFD0C5091F76}.Release|x64.Build.0 = Release|x64
		{3C4F42FC-292A-420B-B63D-C03DFBDD8E4E}.Release|Win32.ActiveCfg = Release|Win32
		{3C4F42FC-292A-420B-B63D-C03DFBDD8E4E}.Release|Win32.Build.0 = Release|Win32
		{3C4F42FC-292A-420B-B63D-C03DFBDD8E4E}.Release|x64.ActiveCfg = Release|x64
		{3C4F42FC-292A-420B-B63D-C03DFBDD8E4E}.Release|x64.Build.0 = Release|x64
		{B0E36D93-CA2A-49FE-9EB9-9C96C6016EEC}.Release|Win32.ActiveCfg = Release|Win32
		{B0E36D93-CA2A-49FE-9EB9-9C96C6016EEC}.Release|Win32.Build.0 = Release|Win32
		{B0E36D93-CA2A-49FE-9EB9-9C96C6016EEC}.Release|x64.ActiveCfg = Release|x64
		{B0E36D93-CA2A-49FE-9EB9-9C96C6016EEC}.Release|x64.Build.0 = Release|x64
		{461DC24A-A410-4171-8C02-CCDBF3702C2A}.Release|Win32.ActiveCfg = Release|Win32
		{461DC24A-A410-4171-8C02-CCDBF3702C2A}.Release|Win32.Build.0 = Release|Win32
		{461DC24A-A410-4171-8C02-CCDBF3702C2A}.Release|x64.ActiveCfg = Release|x64
		{461DC24A-A410-4171-8C02-CCDBF3702C2A}.Release|x64.Build.0 = Release|x64
		{E78C0D9A-798E-4BF6-B0CC-6FECB8CA2FCE}.Release|Win32.ActiveCfg = Release|Win32
		{E78C0D9A-798E-4BF6-B0CC-6FECB8CA2FCE}.Release|Win32.Build.0 = Release|Win32
		{E78C0D9A-798E-4BF6-B0CC-6FECB8CA2FCE}.Release|x64.ActiveCfg = Release|x64
		{E78C0D9A-798E-4BF6-B0CC-6FECB8CA2FCE}.Release|x64.Build.0 = Release|x64
		{6C0CA980-97C5-427A-BE61-5BCECAFABBDA}.Release|Win32.ActiveCfg = Release|Win32
		{6C0CA980-97C5-427A-BE61-5BCECAFABBDA}.Release|Win32.Build.0 = Release|Win32
		{6C0CA980-97C5-427A-BE61-5BCECAFABBDA}.Release|x64.ActiveCfg = Release|x64
		{6C0CA980-97C5-427A-BE61-5BCECAFABBDA}.Release|x64.Build.0 = Release|x64
		{18871EBA-AC85-4652-8919-EB8064B9A714}.Release|Win32.ActiveCfg = Release|Win32
		{18871EBA-AC85-4652-8919-EB8064B9A714}.Release|Win32.Build.0 = Release|Win32
		{18871EBA-AC85-4652-8919-EB8064B9A714}.Release|x64.ActiveCfg = Release|x64
		{18871EBA-AC85-4652-8919-EB8064B9A714}.Release|x64.Build.0 = Release|x64
		{3024CF36-85E5-4E00-9608-7002E2C7EF14}.Release|Win32.ActiveCfg = Release|Win32
		{3024CF36-85E5-4E00-9608-7002E2C7EF14}.Release|Win32.Build.0 = Release|Win32
		{3024CF36-85E5-4E00-9608-7002E2C7EF14}.Release|x64.ActiveCfg = Release|x64
		{3024CF36-85E5-4E00-9608-7002E2C7EF14}.Release|x64.Build.0 = Release|x64
		{E7F4DB0A-510D-41EF-B284-6E1DE1CC450D}.Release|Win32.ActiveCfg = Release|Win32
		{E7F4DB0A-510D-41EF-B284-6E1DE1CC450D}.Release|Win32.Build.0 = Release|Win32
		{E7F4DB0A-510D-41EF-B284-6E1DE1CC450D}.Release|x64.ActiveCfg = Release|x64
		{E7F4DB0A-510D-41EF-B284-6E1DE1CC450D}.Release|x64.Build.0 = Release|x64
		{B10A2C41-344C-43E0-A32D-B9587C198D8B}.Release|Win32.ActiveCfg = Release|Win32
		{B10A2C41-344C-43E0-A32D-B9587C198D8B}.Release|Win32.Build.0 = Release|Win32
		{B10A2C41-344C-43E0-A32D-B9587C198D8B}.Release|x64.ActiveCfg = Release|x64
		{B10A2C41-344C-43E0-A32D-B9587C198D8B}.Release|x64.Build.0 = Release|x64
		{C9B735E4-75BC-45AC-A5E3-39A6D076F912}.Release|Win32.ActiveCfg = Release|Win32
		{C9B735E4-75BC-45AC-A5E3-39A6D076F912}.Release|Win32.Build.0 = Release|Win32
		{C9B735E4-75BC-45AC-A5E3-39A6D076F912}.Release|x64.ActiveCfg = Release|x64
		{C9B735E4-75BC-45AC-A5E3-39A6D076F912}.Release|x64.Build.0 = Release|x64
		{5A0F4962-E670-4DA2-9E45-52CC47F26E2F}.Release|Win32.ActiveCfg = Release|Win32
		{5A0F4962-E670-4DA2-9E45-52CC47F26E2F}.Release|Win32.Build.0 = Release|Win32
		{5A0F4962-E670-4DA2-9E45-52CC47F26E2F}.Release|x64.ActiveCfg = Release|x64
		{5A0F4962-E670-4DA2-9E45-52CC47F26E2F}.Release|x64.Build.0 = Release|x64
		{DE87FFCA-9606-4116-B747-062D88A56A28}.Release|Win32.ActiveCfg = Release|x86
		{DE87FFCA-9606-4116-B747-062D88A56A28}.Release|x64.ActiveCfg = Release|x64
		{DE87FFCA-9606-4116-B747-062D88A56A28}.Release|x64.Build.0 = Release|x64
	EndGlobalSection
	GlobalSection(SolutionProperties) = preSolution
		HideSolutionNode = FALSE
	EndGlobalSection
	GlobalSection(NestedProjects) = preSolution
		{626DA61C-FA8B-474C-B2F5-72AD9DFEE642} = {AAACEB12-9475-410E-AF5A-FDFF907E9043}
		{E4BDB4C8-2335-415A-ACEE-BA88B19BFE82} = {AAACEB12-9475-410E-AF5A-FDFF907E9043}
		{E93E1255-95D1-4B08-8FDF-B53CC6A21280} = {AAACEB12-9475-410E-AF5A-FDFF907E9043}
		{87554B59-006C-4D94-9714-897B27067BA3} = {AAACEB12-9475-410E-AF5A-FDFF907E9043}
		{DE87FFCA-9606-4116-B747-062D88A56A28} = {AAACEB12-9475-410E-AF5A-FDFF907E9043}
		{6CD3647E-4541-4849-9DD7-C8816665AE42} = {BB051F0F-A841-4A9A-BAF6-51DD9866D65A}
		{98B56DF9-E4F1-4696-A565-5F7823CF214D} = {BB051F0F-A841-4A9A-BAF6-51DD9866D65A}
		{4980AF24-9D42-427D-A8E6-0DF3B97C455D} = {561126F4-FA18-45FC-A2BF-8F858F161D6D}
		{5EF7F47D-D09C-43C4-BF64-B28B11A0FF91} = {561126F4-FA18-45FC-A2BF-8F858F161D6D}
		{3786FA8C-3E76-45E3-984E-FCCFF44729C9} = {561126F4-FA18-45FC-A2BF-8F858F161D6D}
		{17E4BE39-76F7-4A06-AD21-EFD0C5091F76} = {561126F4-FA18-45FC-A2BF-8F858F161D6D}
		{3C4F42FC-292A-420B-B63D-C03DFBDD8E4E} = {561126F4-FA18-45FC-A2BF-8F858F161D6D}
		{B0E36D93-CA2A-49FE-9EB9-9C96C6016EEC} = {561126F4-FA18-45FC-A2BF-8F858F161D6D}
		{461DC24A-A410-4171-8C02-CCDBF3702C2A} = {561126F4-FA18-45FC-A2BF-8F858F161D6D}
		{E78C0D9A-798E-4BF6-B0CC-6FECB8CA2FCE} = {561126F4-FA18-45FC-A2BF-8F858F161D6D}
		{6C0CA980-97C5-427A-BE61-5BCECAFABBDA} = {561126F4-FA18-45FC-A2BF-8F858F161D6D}
		{18871EBA-AC85-4652-8919-EB8064B9A714} = {561126F4-FA18-45FC-A2BF-8F858F161D6D}
		{3024CF36-85E5-4E00-9608-7002E2C7EF14} = {561126F4-FA18-45FC-A2BF-8F858F161D6D}
		{E7F4DB0A-510D-41EF-B284-6E1DE1CC450D} = {561126F4-FA18-45FC-A2BF-8F858F161D6D}
		{2773666A-8CFC-4533-A043-EAD59F16A1C7} = {D237DA6B-BD5F-46C0-8BEA-50E9A1340240}
		{987E9374-98A1-44BA-946F-D3472D7A7055} = {D237DA6B-BD5F-46C0-8BEA-50E9A1340240}
		{C4C9FA6F-F990-4C7B-85F6-CD8F4F5728F0} = {D237DA6B-BD5F-46C0-8BEA-50E9A1340240}
		{58654438-F674-42F7-88FA-73EF90AD80B1} = {D237DA6B-BD5F-46C0-8BEA-50E9A1340240}
		{19C52A0A-A790-409E-A28A-9745FF990F5C} = {D237DA6B-BD5F-46C0-8BEA-50E9A1340240}
		{646B4316-C8B8-4DB6-B6AE-E586929E5729} = {D237DA6B-BD5F-46C0-8BEA-50E9A1340240}
		{B10A2C41-344C-43E0-A32D-B9587C198D8B} = {0FD996A7-464F-4981-8380-3DCA3A244A13}
		{C9B735E4-75BC-45AC-A5E3-39A6D076F912} = {0FD996A7-464F-4981-8380-3DCA3A244A13}
		{5A0F4962-E670-4DA2-9E45-52CC47F26E2F} = {0FD996A7-464F-4981-8380-3DCA3A244A13}
	EndGlobalSection
EndGlobal
