<?xml version="1.0" encoding="utf-8"?>
<Project ToolsVersion="4.0" xmlns="http://schemas.microsoft.com/developer/msbuild/2003">
  <ItemGroup>
    <Filter Include="Resource Files">
      <UniqueIdentifier>{e02a8c67-767c-4c6e-a854-81fae08cf4da}</UniqueIdentifier>
    </Filter>
    <Filter Include="Resource Files\etc">
      <UniqueIdentifier>{503881c0-011d-443b-a373-4bfe125dcfa6}</UniqueIdentifier>
    </Filter>
    <Filter Include="Resource Files\share">
      <UniqueIdentifier>{4316433a-2a8e-48f7-9020-e1f4de0d23d1}</UniqueIdentifier>
    </Filter>
    <Filter Include="Resource Files\etc\gtk-2.0">
      <UniqueIdentifier>{832ebebc-ab71-4bf6-9f3a-02ec748f7c14}</UniqueIdentifier>
    </Filter>
    <Filter Include="Resource Files\share\xml">
      <UniqueIdentifier>{9a881586-aed2-4f80-ba84-e521e6785566}</UniqueIdentifier>
    </Filter>
    <Filter Include="Resource Files\share\xml\iso-codes">
      <UniqueIdentifier>{c825f724-0618-4160-97b7-12d6e0f2bc7b}</UniqueIdentifier>
    </Filter>
  </ItemGroup>
  <ItemGroup>
    <None Include="etc\download.png">
      <Filter>Resource Files\etc</Filter>
    </None>
    <None Include="etc\gtkpref.png">
      <Filter>Resource Files\etc</Filter>
    </None>
    <None Include="etc\music.png">
      <Filter>Resource Files\etc</Filter>
    </None>
    <None Include="etc\system.png">
      <Filter>Resource Files\etc</Filter>
    </None>
    <None Include="etc\gtk-2.0\gtkrc">
      <Filter>Resource Files\etc\gtk-2.0</Filter>
    </None>
    <None Include="share\xml\iso-codes\iso_639.xml">
      <Filter>Resource Files\share\xml\iso-codes</Filter>
    </None>
    <None Include="share\xml\iso-codes\iso_3166.xml">
      <Filter>Resource Files\share\xml\iso-codes</Filter>
    </None>
  </ItemGroup>
</Project>