<?xml version="1.0" encoding="utf-8"?>
<Project ToolsVersion="4.0" xmlns="http://schemas.microsoft.com/developer/msbuild/2003">
  <ItemGroup>
    <Filter Include="Source Files">
      <UniqueIdentifier>{4FC737F1-C7A5-4376-A066-2A32D752A2FF}</UniqueIdentifier>
      <Extensions>cpp;c;cc;cxx;def;odl;idl;hpj;bat;asm;asmx</Extensions>
    </Filter>
    <Filter Include="Header Files">
      <UniqueIdentifier>{93995380-89BD-4b04-88EB-625FBE52EBFB}</UniqueIdentifier>
      <Extensions>h;hpp;hxx;hm;inl;inc;xsd</Extensions>
    </Filter>
    <Filter Include="Source Files\sysinfo">
      <UniqueIdentifier>{d5a3d281-8400-4663-b60d-036ade5fbff7}</UniqueIdentifier>
    </Filter>
    <Filter Include="Source Files\sysinfo\win32">
      <UniqueIdentifier>{a6d80da7-bc0a-4f1f-a156-c8cdafb7831d}</UniqueIdentifier>
    </Filter>
  </ItemGroup>
  <ItemGroup>
    <ClInclude Include="cfgfiles.h">
      <Filter>Header Files</Filter>
    </ClInclude>
    <ClInclude Include="chanopt.h">
      <Filter>Header Files</Filter>
    </ClInclude>
    <ClInclude Include="ctcp.h">
      <Filter>Header Files</Filter>
    </ClInclude>
    <ClInclude Include="dcc.h">
      <Filter>Header Files</Filter>
    </ClInclude>
    <ClInclude Include="fe.h">
      <Filter>Header Files</Filter>
    </ClInclude>
    <ClInclude Include="history.h">
      <Filter>Header Files</Filter>
    </ClInclude>
    <ClInclude Include="ignore.h">
      <Filter>Header Files</Filter>
    </ClInclude>
    <ClInclude Include="inbound.h">
      <Filter>Header Files</Filter>
    </ClInclude>
    <ClInclude Include="inet.h">
      <Filter>Header Files</Filter>
    </ClInclude>
    <ClInclude Include="modes.h">
      <Filter>Header Files</Filter>
    </ClInclude>
    <ClInclude Include="network.h">
      <Filter>Header Files</Filter>
    </ClInclude>
    <ClInclude Include="notify.h">
      <Filter>Header Files</Filter>
    </ClInclude>
    <ClInclude Include="outbound.h">
      <Filter>Header Files</Filter>
    </ClInclude>
    <ClInclude Include="plugin.h">
      <Filter>Header Files</Filter>
    </ClInclude>
    <ClInclude Include="plugin-timer.h">
      <Filter>Header Files</Filter>
    </ClInclude>
    <ClInclude Include="proto-irc.h">
      <Filter>Header Files</Filter>
    </ClInclude>
    <ClInclude Include="server.h">
      <Filter>Header Files</Filter>
    </ClInclude>
    <ClInclude Include="servlist.h">
      <Filter>Header Files</Filter>
    </ClInclude>
    <ClInclude Include="ssl.h">
      <Filter>Header Files</Filter>
    </ClInclude>
    <ClInclude Include="text.h">
      <Filter>Header Files</Filter>
    </ClInclude>
    <ClInclude Include="$(HexChatLib)textenums.h">
      <Filter>Header Files</Filter>
    </ClInclude>
    <ClInclude Include="$(HexChatLib)textevents.h">
      <Filter>Header Files</Filter>
    </ClInclude>
    <ClInclude Include="tree.h">
      <Filter>Header Files</Filter>
    </ClInclude>
    <ClInclude Include="url.h">
      <Filter>Header Files</Filter>
    </ClInclude>
    <ClInclude Include="userlist.h">
      <Filter>Header Files</Filter>
    </ClInclude>
    <ClInclude Include="util.h">
      <Filter>Header Files</Filter>
    </ClInclude>
    <ClInclude Include="hexchat.h">
      <Filter>Header Files</Filter>
    </ClInclude>
    <ClInclude Include="hexchatc.h">
      <Filter>Header Files</Filter>
    </ClInclude>
    <ClInclude Include="hexchat-plugin.h">
      <Filter>Header Files</Filter>
    </ClInclude>
    <ClInclude Include="$(HexChatLib)config.h">
      <Filter>Header Files</Filter>
    </ClInclude>
    <ClInclude Include="typedef.h">
      <Filter>Header Files</Filter>
    </ClInclude>
    <ClInclude Include="$(HexChatLib)marshal.h">
      <Filter>Header Files</Filter>
    </ClInclude>
    <ClInclude Include="plugin-identd.h">
      <Filter>Header Files</Filter>
    </ClInclude>
    <ClInclude Include="sysinfo\sysinfo.h">
      <Filter>Source Files\sysinfo</Filter>
    </ClInclude>
  </ItemGroup>
  <ItemGroup>
    <ClCompile Include="cfgfiles.c">
      <Filter>Source Files</Filter>
    </ClCompile>
    <ClCompile Include="chanopt.c">
      <Filter>Source Files</Filter>
    </ClCompile>
    <ClCompile Include="ctcp.c">
      <Filter>Source Files</Filter>
    </ClCompile>
    <ClCompile Include="dcc.c">
      <Filter>Source Files</Filter>
    </ClCompile>
    <ClCompile Include="history.c">
      <Filter>Source Files</Filter>
    </ClCompile>
    <ClCompile Include="ignore.c">
      <Filter>Source Files</Filter>
    </ClCompile>
    <ClCompile Include="inbound.c">
      <Filter>Source Files</Filter>
    </ClCompile>
    <ClCompile Include="modes.c">
      <Filter>Source Files</Filter>
    </ClCompile>
    <ClCompile Include="network.c">
      <Filter>Source Files</Filter>
    </ClCompile>
    <ClCompile Include="notify.c">
      <Filter>Source Files</Filter>
    </ClCompile>
    <ClCompile Include="outbound.c">
      <Filter>Source Files</Filter>
    </ClCompile>
    <ClCompile Include="plugin.c">
      <Filter>Source Files</Filter>
    </ClCompile>
    <ClCompile Include="plugin-timer.c">
      <Filter>Source Files</Filter>
    </ClCompile>
    <ClCompile Include="proto-irc.c">
      <Filter>Source Files</Filter>
    </ClCompile>
    <ClCompile Include="server.c">
      <Filter>Source Files</Filter>
    </ClCompile>
    <ClCompile Include="servlist.c">
      <Filter>Source Files</Filter>
    </ClCompile>
    <ClCompile Include="ssl.c">
      <Filter>Source Files</Filter>
    </ClCompile>
    <ClCompile Include="text.c">
      <Filter>Source Files</Filter>
    </ClCompile>
    <ClCompile Include="tree.c">
      <Filter>Source Files</Filter>
    </ClCompile>
    <ClCompile Include="url.c">
      <Filter>Source Files</Filter>
    </ClCompile>
    <ClCompile Include="userlist.c">
      <Filter>Source Files</Filter>
    </ClCompile>
    <ClCompile Include="util.c">
      <Filter>Source Files</Filter>
    </ClCompile>
    <ClCompile Include="hexchat.c">
      <Filter>Source Files</Filter>
    </ClCompile>
    <ClCompile Include="$(HexChatLib)marshal.c">
      <Filter>Source Files</Filter>
    </ClCompile>
    <ClCompile Include="plugin-identd.c">
      <Filter>Source Files</Filter>
    </ClCompile>
    <ClCompile Include="sysinfo\win32\backend.c">
      <Filter>Source Files\sysinfo\win32</Filter>
    </ClCompile>
  </ItemGroup>
  <ItemGroup>
    <None Include="..\..\win32\config.h.tt" />
  </ItemGroup>
</Project>
